{
  "name": "swaggts",
  "version": "1.0.1",
  "lockfileVersion": 1,
  "requires": true,
  "dependencies": {
    "@sindresorhus/is": {
      "version": "0.7.0",
      "resolved": "http://r.npm.sankuai.com/@sindresorhus/is/download/@sindresorhus/is-0.7.0.tgz",
      "integrity": "sha1-mgb08TfuhNffBGDB/bETX/psUP0="
    },
    "@types/cli-color": {
      "version": "0.3.29",
      "resolved": "http://r.npm.sankuai.com/@types/cli-color/download/@types/cli-color-0.3.29.tgz",
      "integrity": "sha1-yDpx/gLIx+HM7ASN1qJFjR9sluo="
    },
    "@types/json-schema": {
      "version": "7.0.1",
      "resolved": "http://r.npm.sankuai.com/@types/json-schema/download/@types/json-schema-7.0.1.tgz",
      "integrity": "sha1-/KplUmAoW4BhhQeJ+CaMUaTsjuE="
    },
    "@types/lodash": {
      "version": "4.14.119",
      "resolved": "http://r.npm.sankuai.com/@types/lodash/download/@types/lodash-4.14.119.tgz",
      "integrity": "sha1-voR+X0vD415G0EHDlOrYtgOtizk="
    },
    "@types/minimist": {
      "version": "1.2.0",
      "resolved": "http://r.npm.sankuai.com/@types/minimist/download/@types/minimist-1.2.0.tgz",
      "integrity": "sha1-aaI6OtKcrwCX8G7aWbNh7i8GOfY="
    },
    "@types/mz": {
      "version": "0.0.32",
      "resolved": "http://r.npm.sankuai.com/@types/mz/download/@types/mz-0.0.32.tgz",
      "integrity": "sha1-6CSLTkFCTAUu3Bcl3TNlDDE6Nlk=",
      "requires": {
        "@types/node": "*"
      }
    },
    "@types/node": {
      "version": "10.12.15",
      "resolved": "http://r.npm.sankuai.com/@types/node/download/@types/node-10.12.15.tgz",
      "integrity": "sha1-IOhWUbYv2GZW5Xycm8dxqxVwvFk="
    },
    "@types/prettier": {
      "version": "1.15.2",
      "resolved": "http://r.npm.sankuai.com/@types/prettier/download/@types/prettier-1.15.2.tgz",
      "integrity": "sha1-kVlOp8tvOx9+pp8yYhJGZUx8wjE="
    },
    "ansi-regex": {
      "version": "2.1.1",
      "resolved": "http://r.npm.sankuai.com/ansi-regex/download/ansi-regex-2.1.1.tgz",
      "integrity": "sha1-w7M6te42DYbg5ijwRorn7yfWVN8="
    },
    "any-promise": {
      "version": "1.3.0",
      "resolved": "http://r.npm.sankuai.com/any-promise/download/any-promise-1.3.0.tgz",
      "integrity": "sha1-q8av7tzqUugJzcA3au0845Y10X8="
    },
    "archive-type": {
      "version": "4.0.0",
      "resolved": "http://r.npm.sankuai.com/archive-type/download/archive-type-4.0.0.tgz",
      "integrity": "sha1-+S5yIzBW38aWlHJ0nCZ72wRrHXA=",
      "requires": {
        "file-type": "^4.2.0"
      },
      "dependencies": {
        "file-type": {
          "version": "4.4.0",
          "resolved": "http://r.npm.sankuai.com/file-type/download/file-type-4.4.0.tgz",
          "integrity": "sha1-G2AOX8ofvcboDApwxxyNul95BsU="
        }
      }
    },
    "argparse": {
      "version": "1.0.10",
      "resolved": "http://r.npm.sankuai.com/argparse/download/argparse-1.0.10.tgz",
      "integrity": "sha1-vNZ5HqWuCXJeF+WtmIE0zUCz2RE=",
      "requires": {
        "sprintf-js": "~1.0.2"
      }
    },
    "base64-js": {
      "version": "0.0.8",
      "resolved": "http://r.npm.sankuai.com/base64-js/download/base64-js-0.0.8.tgz",
      "integrity": "sha1-EQHpVE9KdrG8OybUUsqW16NeeXg="
    },
    "bl": {
      "version": "1.2.2",
      "resolved": "http://r.npm.sankuai.com/bl/download/bl-1.2.2.tgz",
      "integrity": "sha1-oWCRFxcQPAdBDO9j71Gzl8Alr5w=",
      "requires": {
        "readable-stream": "^2.3.5",
        "safe-buffer": "^5.1.1"
      }
    },
    "buffer": {
      "version": "3.6.0",
      "resolved": "http://r.npm.sankuai.com/buffer/download/buffer-3.6.0.tgz",
      "integrity": "sha1-pyyTb3e5a/UvX357RnGAYoVR3vs=",
      "requires": {
        "base64-js": "0.0.8",
        "ieee754": "^1.1.4",
        "isarray": "^1.0.0"
      }
    },
    "buffer-alloc": {
      "version": "1.2.0",
      "resolved": "http://r.npm.sankuai.com/buffer-alloc/download/buffer-alloc-1.2.0.tgz",
      "integrity": "sha1-iQ3ZDZI6hz4I4Q5f1RpX5bfM4Ow=",
      "requires": {
        "buffer-alloc-unsafe": "^1.1.0",
        "buffer-fill": "^1.0.0"
      }
    },
    "buffer-alloc-unsafe": {
      "version": "1.1.0",
      "resolved": "http://r.npm.sankuai.com/buffer-alloc-unsafe/download/buffer-alloc-unsafe-1.1.0.tgz",
      "integrity": "sha1-vX3CauKXLQ7aJTvgYdupkjScGfA="
    },
    "buffer-crc32": {
      "version": "0.2.13",
      "resolved": "http://r.npm.sankuai.com/buffer-crc32/download/buffer-crc32-0.2.13.tgz",
      "integrity": "sha1-DTM+PwDqxQqhRUq9MO+MKl2ackI="
    },
    "buffer-fill": {
      "version": "1.0.0",
      "resolved": "http://r.npm.sankuai.com/buffer-fill/download/buffer-fill-1.0.0.tgz",
      "integrity": "sha1-+PeLdniYiO858gXNY39o5wISKyw="
    },
    "cacheable-request": {
      "version": "2.1.4",
      "resolved": "http://r.npm.sankuai.com/cacheable-request/download/cacheable-request-2.1.4.tgz",
      "integrity": "sha1-DYCIAbY0KtM8kd+dC0TcCbkeXD0=",
      "requires": {
        "clone-response": "1.0.2",
        "get-stream": "3.0.0",
        "http-cache-semantics": "3.8.1",
        "keyv": "3.0.0",
        "lowercase-keys": "1.0.0",
        "normalize-url": "2.0.1",
        "responselike": "1.0.2"
      },
      "dependencies": {
        "lowercase-keys": {
          "version": "1.0.0",
          "resolved": "http://r.npm.sankuai.com/lowercase-keys/download/lowercase-keys-1.0.0.tgz",
          "integrity": "sha1-TjNms55/VFfjXxMkvfb4jQv8cwY="
        }
      }
    },
    "call-me-maybe": {
      "version": "1.0.1",
      "resolved": "http://r.npm.sankuai.com/call-me-maybe/download/call-me-maybe-1.0.1.tgz",
      "integrity": "sha1-JtII6onje1y95gJQoV8DHBak1ms="
    },
    "caw": {
      "version": "2.0.1",
      "resolved": "http://r.npm.sankuai.com/caw/download/caw-2.0.1.tgz",
      "integrity": "sha1-bDygcfwZRyCIPC3F2psHS/x+npU=",
      "requires": {
        "get-proxy": "^2.0.0",
        "isurl": "^1.0.0-alpha5",
        "tunnel-agent": "^0.6.0",
        "url-to-options": "^1.0.1"
      }
    },
    "cli-color": {
      "version": "1.4.0",
      "resolved": "http://r.npm.sankuai.com/cli-color/download/cli-color-1.4.0.tgz",
      "integrity": "sha1-fRBzj0hSaCT4/n2lGFfLD1cv4B8=",
      "requires": {
        "ansi-regex": "^2.1.1",
        "d": "1",
        "es5-ext": "^0.10.46",
        "es6-iterator": "^2.0.3",
        "memoizee": "^0.4.14",
        "timers-ext": "^0.1.5"
      }
    },
    "clone-response": {
      "version": "1.0.2",
      "resolved": "http://r.npm.sankuai.com/clone-response/download/clone-response-1.0.2.tgz",
      "integrity": "sha1-0dyXOSAxTfZ/vrlCI7TuNQI56Ws=",
      "requires": {
        "mimic-response": "^1.0.0"
      }
    },
    "config-chain": {
      "version": "1.1.12",
      "resolved": "http://r.npm.sankuai.com/config-chain/download/config-chain-1.1.12.tgz",
      "integrity": "sha1-D96NCRIA616AjK8l/mGMAvSOTvo=",
      "requires": {
        "ini": "^1.3.4",
        "proto-list": "~1.2.1"
      }
    },
    "content-disposition": {
      "version": "0.5.3",
      "resolved": "http://r.npm.sankuai.com/content-disposition/download/content-disposition-0.5.3.tgz",
      "integrity": "sha1-4TDK9+cnkIfFYWwgB9BIVpiYT70=",
      "requires": {
        "safe-buffer": "5.1.2"
      }
    },
    "core-util-is": {
      "version": "1.0.2",
      "resolved": "http://r.npm.sankuai.com/core-util-is/download/core-util-is-1.0.2.tgz",
      "integrity": "sha1-tf1UIgqivFq1eqtxQMlAdUUDwac="
    },
    "d": {
      "version": "1.0.0",
      "resolved": "http://r.npm.sankuai.com/d/download/d-1.0.0.tgz",
      "integrity": "sha1-dUu1v+VUUdpppYuU1F9MWwRi1Y8=",
      "requires": {
        "es5-ext": "^0.10.9"
      }
    },
    "decode-uri-component": {
      "version": "0.2.0",
      "resolved": "http://r.npm.sankuai.com/decode-uri-component/download/decode-uri-component-0.2.0.tgz",
      "integrity": "sha1-6zkTMzRYd1y4TNGh+uBiEGu4dUU="
    },
    "decompress": {
      "version": "4.2.0",
      "resolved": "http://r.npm.sankuai.com/decompress/download/decompress-4.2.0.tgz",
      "integrity": "sha1-eu3YVCflqS2s/lVnSnxQXpbQH50=",
      "requires": {
        "decompress-tar": "^4.0.0",
        "decompress-tarbz2": "^4.0.0",
        "decompress-targz": "^4.0.0",
        "decompress-unzip": "^4.0.1",
        "graceful-fs": "^4.1.10",
        "make-dir": "^1.0.0",
        "pify": "^2.3.0",
        "strip-dirs": "^2.0.0"
      },
      "dependencies": {
        "pify": {
          "version": "2.3.0",
          "resolved": "http://r.npm.sankuai.com/pify/download/pify-2.3.0.tgz",
          "integrity": "sha1-7RQaasBDqEnqWISY59yosVMw6Qw="
        }
      }
    },
    "decompress-response": {
      "version": "3.3.0",
      "resolved": "http://r.npm.sankuai.com/decompress-response/download/decompress-response-3.3.0.tgz",
      "integrity": "sha1-gKTdMjdIOEv6JICDYirt7Jgq3/M=",
      "requires": {
        "mimic-response": "^1.0.0"
      }
    },
    "decompress-tar": {
      "version": "4.1.1",
      "resolved": "http://r.npm.sankuai.com/decompress-tar/download/decompress-tar-4.1.1.tgz",
      "integrity": "sha1-cYy9P8sWIJcW5womuE57pFkuWvE=",
      "requires": {
        "file-type": "^5.2.0",
        "is-stream": "^1.1.0",
        "tar-stream": "^1.5.2"
      },
      "dependencies": {
        "file-type": {
          "version": "5.2.0",
          "resolved": "http://r.npm.sankuai.com/file-type/download/file-type-5.2.0.tgz",
          "integrity": "sha1-LdvqfHP/42No365J3DOMBYwritY="
        }
      }
    },
    "decompress-tarbz2": {
      "version": "4.1.1",
      "resolved": "http://r.npm.sankuai.com/decompress-tarbz2/download/decompress-tarbz2-4.1.1.tgz",
      "integrity": "sha1-MIKluIDqQEOBY0nzeLVsUWvho5s=",
      "requires": {
        "decompress-tar": "^4.1.0",
        "file-type": "^6.1.0",
        "is-stream": "^1.1.0",
        "seek-bzip": "^1.0.5",
        "unbzip2-stream": "^1.0.9"
      },
      "dependencies": {
        "file-type": {
          "version": "6.2.0",
          "resolved": "http://r.npm.sankuai.com/file-type/download/file-type-6.2.0.tgz",
          "integrity": "sha1-5QzXXTVv/tTjBtxPW89Sp5kDqRk="
        }
      }
    },
    "decompress-targz": {
      "version": "4.1.1",
      "resolved": "http://r.npm.sankuai.com/decompress-targz/download/decompress-targz-4.1.1.tgz",
      "integrity": "sha1-wJvDXE0R894J8tLaU+neI+fOHu4=",
      "requires": {
        "decompress-tar": "^4.1.1",
        "file-type": "^5.2.0",
        "is-stream": "^1.1.0"
      },
      "dependencies": {
        "file-type": {
          "version": "5.2.0",
          "resolved": "http://r.npm.sankuai.com/file-type/download/file-type-5.2.0.tgz",
          "integrity": "sha1-LdvqfHP/42No365J3DOMBYwritY="
        }
      }
    },
    "decompress-unzip": {
      "version": "4.0.1",
      "resolved": "http://r.npm.sankuai.com/decompress-unzip/download/decompress-unzip-4.0.1.tgz",
      "integrity": "sha1-3qrM39FK6vhVePczroIQ+bSEj2k=",
      "requires": {
        "file-type": "^3.8.0",
        "get-stream": "^2.2.0",
        "pify": "^2.3.0",
        "yauzl": "^2.4.2"
      },
      "dependencies": {
        "file-type": {
          "version": "3.9.0",
          "resolved": "http://r.npm.sankuai.com/file-type/download/file-type-3.9.0.tgz",
          "integrity": "sha1-JXoHg4TR24CHvESdEH1SpSZyuek="
        },
        "get-stream": {
          "version": "2.3.1",
          "resolved": "http://r.npm.sankuai.com/get-stream/download/get-stream-2.3.1.tgz",
          "integrity": "sha1-Xzj5PzRgCWZu4BUKBUFn+Rvdld4=",
          "requires": {
            "object-assign": "^4.0.1",
            "pinkie-promise": "^2.0.0"
          }
        },
        "pify": {
          "version": "2.3.0",
          "resolved": "http://r.npm.sankuai.com/pify/download/pify-2.3.0.tgz",
          "integrity": "sha1-7RQaasBDqEnqWISY59yosVMw6Qw="
        }
      }
    },
    "download": {
      "version": "7.1.0",
      "resolved": "http://r.npm.sankuai.com/download/download/download-7.1.0.tgz",
      "integrity": "sha1-kFmqnXC1A+52oTKJe+beyOVYcjM=",
      "requires": {
        "archive-type": "^4.0.0",
        "caw": "^2.0.1",
        "content-disposition": "^0.5.2",
        "decompress": "^4.2.0",
        "ext-name": "^5.0.0",
        "file-type": "^8.1.0",
        "filenamify": "^2.0.0",
        "get-stream": "^3.0.0",
        "got": "^8.3.1",
        "make-dir": "^1.2.0",
        "p-event": "^2.1.0",
        "pify": "^3.0.0"
      }
    },
    "duplexer3": {
      "version": "0.1.4",
      "resolved": "http://r.npm.sankuai.com/duplexer3/download/duplexer3-0.1.4.tgz",
      "integrity": "sha1-7gHdHKwO08vH/b6jfcCo8c4ALOI="
    },
    "end-of-stream": {
      "version": "1.4.1",
      "resolved": "http://r.npm.sankuai.com/end-of-stream/download/end-of-stream-1.4.1.tgz",
      "integrity": "sha1-7SljTRm6ukY7bOa4CjchPqtx7EM=",
      "requires": {
        "once": "^1.4.0"
      }
    },
    "es5-ext": {
      "version": "0.10.46",
      "resolved": "http://r.npm.sankuai.com/es5-ext/download/es5-ext-0.10.46.tgz",
      "integrity": "sha1-79mfZ8Wn7Hibqj2qf3mHA4j39XI=",
      "requires": {
        "es6-iterator": "~2.0.3",
        "es6-symbol": "~3.1.1",
        "next-tick": "1"
      }
    },
    "es6-iterator": {
      "version": "2.0.3",
      "resolved": "http://r.npm.sankuai.com/es6-iterator/download/es6-iterator-2.0.3.tgz",
      "integrity": "sha1-p96IkUGgWpSwhUQDstCg+/qY87c=",
      "requires": {
        "d": "1",
        "es5-ext": "^0.10.35",
        "es6-symbol": "^3.1.1"
      }
    },
    "es6-symbol": {
      "version": "3.1.1",
      "resolved": "http://r.npm.sankuai.com/es6-symbol/download/es6-symbol-3.1.1.tgz",
      "integrity": "sha1-vwDvT9q2uhtG7Le2KbTH7VcVzHc=",
      "requires": {
        "d": "1",
        "es5-ext": "~0.10.14"
      }
    },
    "es6-weak-map": {
      "version": "2.0.2",
      "resolved": "http://r.npm.sankuai.com/es6-weak-map/download/es6-weak-map-2.0.2.tgz",
      "integrity": "sha1-XjqzIlH/0VOKH45f+hNXdy+S2W8=",
      "requires": {
        "d": "1",
        "es5-ext": "^0.10.14",
        "es6-iterator": "^2.0.1",
        "es6-symbol": "^3.1.1"
      }
    },
    "escape-string-regexp": {
      "version": "1.0.5",
      "resolved": "http://r.npm.sankuai.com/escape-string-regexp/download/escape-string-regexp-1.0.5.tgz",
      "integrity": "sha1-G2HAViGQqN/2rjuyzwIAyhMLhtQ="
    },
    "esprima": {
      "version": "4.0.1",
      "resolved": "http://r.npm.sankuai.com/esprima/download/esprima-4.0.1.tgz",
      "integrity": "sha1-E7BM2z5sXRnfkatph6hpVhmwqnE="
    },
    "event-emitter": {
      "version": "0.3.5",
      "resolved": "http://r.npm.sankuai.com/event-emitter/download/event-emitter-0.3.5.tgz",
      "integrity": "sha1-34xp7vFkeSPHFXuc6DhAYQsCzDk=",
      "requires": {
        "d": "1",
        "es5-ext": "~0.10.14"
      }
    },
    "ext-list": {
      "version": "2.2.2",
      "resolved": "http://r.npm.sankuai.com/ext-list/download/ext-list-2.2.2.tgz",
      "integrity": "sha1-C5jmTtgvWs8PKTG6v2khLvUt3Tc=",
      "requires": {
        "mime-db": "^1.28.0"
      }
    },
    "ext-name": {
      "version": "5.0.0",
      "resolved": "http://r.npm.sankuai.com/ext-name/download/ext-name-5.0.0.tgz",
      "integrity": "sha1-cHgZgdGD7hXROZPIgiBFxQbI8KY=",
      "requires": {
        "ext-list": "^2.0.0",
        "sort-keys-length": "^1.0.0"
      }
    },
    "fd-slicer": {
      "version": "1.1.0",
      "resolved": "http://r.npm.sankuai.com/fd-slicer/download/fd-slicer-1.1.0.tgz",
      "integrity": "sha1-JcfInLH5B3+IkbvmHY85Dq4lbx4=",
      "requires": {
        "pend": "~1.2.0"
      }
    },
    "file-type": {
      "version": "8.1.0",
      "resolved": "http://r.npm.sankuai.com/file-type/download/file-type-8.1.0.tgz",
      "integrity": "sha1-JE87fvZBu+DMoZbHJ25LMyOZ9ow="
    },
    "filename-reserved-regex": {
      "version": "2.0.0",
      "resolved": "http://r.npm.sankuai.com/filename-reserved-regex/download/filename-reserved-regex-2.0.0.tgz",
      "integrity": "sha1-q/c9+rc10EVECr/qLZHzieu/oik="
    },
    "filenamify": {
      "version": "2.1.0",
      "resolved": "http://r.npm.sankuai.com/filenamify/download/filenamify-2.1.0.tgz",
      "integrity": "sha1-iPr0lfsbR6v9YSMAACoWIoxnfuk=",
      "requires": {
        "filename-reserved-regex": "^2.0.0",
        "strip-outer": "^1.0.0",
        "trim-repeated": "^1.0.0"
      }
    },
    "format-util": {
      "version": "1.0.3",
      "resolved": "http://r.npm.sankuai.com/format-util/download/format-util-1.0.3.tgz",
      "integrity": "sha1-Ay3KShFiYqEsQ/TD7IVmQWxbLZU="
    },
    "from2": {
      "version": "2.3.0",
      "resolved": "http://r.npm.sankuai.com/from2/download/from2-2.3.0.tgz",
      "integrity": "sha1-i/tVAr3kpNNs/e6gB/zKIdfjgq8=",
      "requires": {
        "inherits": "^2.0.1",
        "readable-stream": "^2.0.0"
      }
    },
    "fs-constants": {
      "version": "1.0.0",
      "resolved": "http://r.npm.sankuai.com/fs-constants/download/fs-constants-1.0.0.tgz",
      "integrity": "sha1-a+Dem+mYzhavivwkSXue6bfM2a0="
    },
    "fs-extra": {
      "version": "7.0.1",
      "resolved": "http://r.npm.sankuai.com/fs-extra/download/fs-extra-7.0.1.tgz",
      "integrity": "sha1-TxicRKoSO4lfcigE9V6iPq3DSOk=",
      "requires": {
        "graceful-fs": "^4.1.2",
        "jsonfile": "^4.0.0",
        "universalify": "^0.1.0"
      }
    },
    "get-proxy": {
      "version": "2.1.0",
      "resolved": "http://r.npm.sankuai.com/get-proxy/download/get-proxy-2.1.0.tgz",
      "integrity": "sha1-NJ8rTZHUTE1NTpy6KtkBQ/rF75M=",
      "requires": {
        "npm-conf": "^1.1.0"
      }
    },
    "get-stream": {
      "version": "3.0.0",
      "resolved": "http://r.npm.sankuai.com/get-stream/download/get-stream-3.0.0.tgz",
      "integrity": "sha1-jpQ9E1jcN1VQVOy+LtsFqhdO3hQ="
    },
    "got": {
      "version": "8.3.2",
      "resolved": "http://r.npm.sankuai.com/got/download/got-8.3.2.tgz",
      "integrity": "sha1-HSP2Q5Dpf3dsrFLluTbl9RTS6Tc=",
      "requires": {
        "@sindresorhus/is": "^0.7.0",
        "cacheable-request": "^2.1.1",
        "decompress-response": "^3.3.0",
        "duplexer3": "^0.1.4",
        "get-stream": "^3.0.0",
        "into-stream": "^3.1.0",
        "is-retry-allowed": "^1.1.0",
        "isurl": "^1.0.0-alpha5",
        "lowercase-keys": "^1.0.0",
        "mimic-response": "^1.0.0",
        "p-cancelable": "^0.4.0",
        "p-timeout": "^2.0.1",
        "pify": "^3.0.0",
        "safe-buffer": "^5.1.1",
        "timed-out": "^4.0.1",
        "url-parse-lax": "^3.0.0",
        "url-to-options": "^1.0.1"
      }
    },
    "graceful-fs": {
      "version": "4.1.15",
      "resolved": "http://r.npm.sankuai.com/graceful-fs/download/graceful-fs-4.1.15.tgz",
      "integrity": "sha1-/7cD4QZuig7qpMi4C6klPu77+wA="
    },
    "graceful-readlink": {
      "version": "1.0.1",
      "resolved": "http://r.npm.sankuai.com/graceful-readlink/download/graceful-readlink-1.0.1.tgz",
      "integrity": "sha1-TK+tdrxi8C+gObL5Tpo906ORpyU="
    },
    "has-symbol-support-x": {
      "version": "1.4.2",
      "resolved": "http://r.npm.sankuai.com/has-symbol-support-x/download/has-symbol-support-x-1.4.2.tgz",
      "integrity": "sha1-FAn5i8ACR9pF2mfO4KNvKC/yZFU="
    },
    "has-to-string-tag-x": {
      "version": "1.4.1",
      "resolved": "http://r.npm.sankuai.com/has-to-string-tag-x/download/has-to-string-tag-x-1.4.1.tgz",
      "integrity": "sha1-oEWrOD17SyASoAFIqwql8pAETU0=",
      "requires": {
        "has-symbol-support-x": "^1.4.1"
      }
    },
    "http-cache-semantics": {
      "version": "3.8.1",
      "resolved": "http://r.npm.sankuai.com/http-cache-semantics/download/http-cache-semantics-3.8.1.tgz",
      "integrity": "sha1-ObDhat2bYFvwqe89nar0hDtMrNI="
    },
    "ieee754": {
      "version": "1.1.12",
      "resolved": "http://r.npm.sankuai.com/ieee754/download/ieee754-1.1.12.tgz",
      "integrity": "sha1-UL8k5bnIu5ivSWTJQc2wkY2ntgs="
    },
    "inherits": {
      "version": "2.0.3",
      "resolved": "http://r.npm.sankuai.com/inherits/download/inherits-2.0.3.tgz",
      "integrity": "sha1-Yzwsg+PaQqUC9SRmAiSA9CCCYd4="
    },
    "ini": {
      "version": "1.3.5",
      "resolved": "http://r.npm.sankuai.com/ini/download/ini-1.3.5.tgz",
      "integrity": "sha1-7uJfVtscnsYIXgwid4CD9Zar+Sc="
    },
    "into-stream": {
      "version": "3.1.0",
      "resolved": "http://r.npm.sankuai.com/into-stream/download/into-stream-3.1.0.tgz",
      "integrity": "sha1-lvsKk2wSur1v8XUqF9BWFqvQlMY=",
      "requires": {
        "from2": "^2.1.1",
        "p-is-promise": "^1.1.0"
      }
    },
    "is-natural-number": {
      "version": "4.0.1",
      "resolved": "http://r.npm.sankuai.com/is-natural-number/download/is-natural-number-4.0.1.tgz",
      "integrity": "sha1-q5124dtM7VHjXeDHLr7PCfc0zeg="
    },
    "is-object": {
      "version": "1.0.1",
      "resolved": "http://r.npm.sankuai.com/is-object/download/is-object-1.0.1.tgz",
      "integrity": "sha1-iVJojF7C/9awPsyF52ngKQMINHA="
    },
    "is-plain-obj": {
      "version": "1.1.0",
      "resolved": "http://r.npm.sankuai.com/is-plain-obj/download/is-plain-obj-1.1.0.tgz",
      "integrity": "sha1-caUMhCnfync8kqOQpKA7OfzVHT4="
    },
    "is-promise": {
      "version": "2.1.0",
      "resolved": "http://r.npm.sankuai.com/is-promise/download/is-promise-2.1.0.tgz",
      "integrity": "sha1-eaKp7OfwlugPNtKy87wWwf9L8/o="
    },
    "is-retry-allowed": {
      "version": "1.1.0",
      "resolved": "http://r.npm.sankuai.com/is-retry-allowed/download/is-retry-allowed-1.1.0.tgz",
      "integrity": "sha1-EaBgVotnM5REAz0BJaYaINVk+zQ="
    },
    "is-stream": {
      "version": "1.1.0",
      "resolved": "http://r.npm.sankuai.com/is-stream/download/is-stream-1.1.0.tgz",
      "integrity": "sha1-EtSj3U5o4Lec6428hBc66A2RykQ="
    },
    "isarray": {
      "version": "1.0.0",
      "resolved": "http://r.npm.sankuai.com/isarray/download/isarray-1.0.0.tgz",
      "integrity": "sha1-u5NdSFgsuhaMBoNJV6VKPgcSTxE="
    },
    "isurl": {
      "version": "1.0.0",
      "resolved": "http://r.npm.sankuai.com/isurl/download/isurl-1.0.0.tgz",
      "integrity": "sha1-sn9PSfPNqj6kSgpbfzRi5u3DnWc=",
      "requires": {
        "has-to-string-tag-x": "^1.2.0",
        "is-object": "^1.0.1"
      }
    },
    "js-yaml": {
      "version": "3.12.0",
      "resolved": "http://r.npm.sankuai.com/js-yaml/download/js-yaml-3.12.0.tgz",
      "integrity": "sha1-6u1lbsg0TxD1J8a/obbiJE3hZ9E=",
      "requires": {
        "argparse": "^1.0.7",
        "esprima": "^4.0.0"
      }
    },
    "json-buffer": {
      "version": "3.0.0",
      "resolved": "http://r.npm.sankuai.com/json-buffer/download/json-buffer-3.0.0.tgz",
      "integrity": "sha1-Wx85evx11ne96Lz8Dkfh+aPZqJg="
    },
    "json-schema-ref-parser": {
      "version": "6.0.2",
      "resolved": "http://r.npm.sankuai.com/json-schema-ref-parser/download/json-schema-ref-parser-6.0.2.tgz",
      "integrity": "sha1-wXv+0G+n/48a3jYGfQh7RvVGXvg=",
      "requires": {
        "call-me-maybe": "^1.0.1",
        "js-yaml": "^3.12.0",
        "ono": "^4.0.10"
      }
    },
    "json-schema-to-typescript": {
      "version": "6.1.0",
      "resolved": "http://r.npm.sankuai.com/json-schema-to-typescript/download/json-schema-to-typescript-6.1.0.tgz",
      "integrity": "sha1-lHijR+bpp+dhGvQEMBDc73KQKQg=",
      "requires": {
        "@types/cli-color": "^0.3.29",
        "@types/json-schema": "^7.0.1",
        "@types/lodash": "^4.14.118",
        "@types/minimist": "^1.2.0",
        "@types/mz": "0.0.32",
        "@types/node": "^10.12.6",
        "@types/prettier": "^1.13.2",
        "cli-color": "^1.4.0",
        "json-schema-ref-parser": "^6.0.2",
        "json-stringify-safe": "^5.0.1",
        "lodash": "^4.17.11",
        "minimist": "^1.2.0",
        "mz": "^2.7.0",
        "prettier": "^1.15.2",
        "stdin": "0.0.1"
      }
    },
    "json-stringify-safe": {
      "version": "5.0.1",
      "resolved": "http://r.npm.sankuai.com/json-stringify-safe/download/json-stringify-safe-5.0.1.tgz",
      "integrity": "sha1-Epai1Y/UXxmg9s4B1lcB4sc1tus="
    },
    "jsonfile": {
      "version": "4.0.0",
      "resolved": "http://r.npm.sankuai.com/jsonfile/download/jsonfile-4.0.0.tgz",
      "integrity": "sha1-h3Gq4HmbZAdrdmQPygWPnBDjPss=",
      "requires": {
        "graceful-fs": "^4.1.6"
      }
    },
    "keyv": {
      "version": "3.0.0",
      "resolved": "http://r.npm.sankuai.com/keyv/download/keyv-3.0.0.tgz",
      "integrity": "sha1-RJI7o55osSp87H32wyaMAx8u83M=",
      "requires": {
        "json-buffer": "3.0.0"
      }
    },
    "lodash": {
      "version": "4.17.11",
      "resolved": "http://r.npm.sankuai.com/lodash/download/lodash-4.17.11.tgz",
      "integrity": "sha1-s56mIp72B+zYniyN8SU2iRysm40="
    },
    "lowercase-keys": {
      "version": "1.0.1",
      "resolved": "http://r.npm.sankuai.com/lowercase-keys/download/lowercase-keys-1.0.1.tgz",
      "integrity": "sha1-b54wtHCE2XGnyCD/FabFFnt0wm8="
    },
    "lru-queue": {
      "version": "0.1.0",
      "resolved": "http://r.npm.sankuai.com/lru-queue/download/lru-queue-0.1.0.tgz",
      "integrity": "sha1-Jzi9nw089PhEkMVzbEhpmsYyzaM=",
      "requires": {
        "es5-ext": "~0.10.2"
      }
    },
    "make-dir": {
      "version": "1.3.0",
      "resolved": "http://r.npm.sankuai.com/make-dir/download/make-dir-1.3.0.tgz",
      "integrity": "sha1-ecEDO4BRW9bSTsmTPoYMp17ifww=",
      "requires": {
        "pify": "^3.0.0"
      }
    },
    "memoizee": {
      "version": "0.4.14",
      "resolved": "http://r.npm.sankuai.com/memoizee/download/memoizee-0.4.14.tgz",
      "integrity": "sha1-B6APIEaZ+alcLZ53IYJxx81hDVc=",
      "requires": {
        "d": "1",
        "es5-ext": "^0.10.45",
        "es6-weak-map": "^2.0.2",
        "event-emitter": "^0.3.5",
        "is-promise": "^2.1",
        "lru-queue": "0.1",
        "next-tick": "1",
        "timers-ext": "^0.1.5"
      }
    },
    "mime-db": {
      "version": "1.37.0",
      "resolved": "http://r.npm.sankuai.com/mime-db/download/mime-db-1.37.0.tgz",
      "integrity": "sha1-C2oM5v2+lXbiXx8tL96IMNwK0Ng="
    },
    "mimic-response": {
      "version": "1.0.1",
      "resolved": "http://r.npm.sankuai.com/mimic-response/download/mimic-response-1.0.1.tgz",
      "integrity": "sha1-SSNTiHju9CBjy4o+OweYeBSHqxs="
    },
    "minimist": {
      "version": "1.2.0",
      "resolved": "http://r.npm.sankuai.com/minimist/download/minimist-1.2.0.tgz",
      "integrity": "sha1-o1AIsg9BOD7sH7kU9M1d95omQoQ="
    },
    "mz": {
      "version": "2.7.0",
      "resolved": "http://r.npm.sankuai.com/mz/download/mz-2.7.0.tgz",
      "integrity": "sha1-lQCAV6Vsr63CvGPd5/n/aVWUjjI=",
      "requires": {
        "any-promise": "^1.0.0",
        "object-assign": "^4.0.1",
        "thenify-all": "^1.0.0"
      }
    },
    "next-tick": {
      "version": "1.0.0",
      "resolved": "http://r.npm.sankuai.com/next-tick/download/next-tick-1.0.0.tgz",
      "integrity": "sha1-yobR/ogoFpsBICCOPchCS524NCw="
    },
    "normalize-url": {
      "version": "2.0.1",
      "resolved": "http://r.npm.sankuai.com/normalize-url/download/normalize-url-2.0.1.tgz",
      "integrity": "sha1-g1qdoVUfom9w6SMpBpojqmV01+Y=",
      "requires": {
        "prepend-http": "^2.0.0",
        "query-string": "^5.0.1",
        "sort-keys": "^2.0.0"
      },
      "dependencies": {
        "sort-keys": {
          "version": "2.0.0",
          "resolved": "http://r.npm.sankuai.com/sort-keys/download/sort-keys-2.0.0.tgz",
          "integrity": "sha1-ZYU1WEhh7JfXMNbPQYIuH1ZoQSg=",
          "requires": {
            "is-plain-obj": "^1.0.0"
          }
        }
      }
    },
    "npm-conf": {
      "version": "1.1.3",
      "resolved": "http://r.npm.sankuai.com/npm-conf/download/npm-conf-1.1.3.tgz",
      "integrity": "sha1-JWzEe9DiGMJZxOlVC/QTvCGSr/k=",
      "requires": {
        "config-chain": "^1.1.11",
        "pify": "^3.0.0"
      }
    },
    "object-assign": {
      "version": "4.1.1",
      "resolved": "http://r.npm.sankuai.com/object-assign/download/object-assign-4.1.1.tgz",
      "integrity": "sha1-IQmtx5ZYh8/AXLvUQsrIv7s2CGM="
    },
    "once": {
      "version": "1.4.0",
      "resolved": "http://r.npm.sankuai.com/once/download/once-1.4.0.tgz",
      "integrity": "sha1-WDsap3WWHUsROsF9nFC6753Xa9E=",
      "requires": {
        "wrappy": "1"
      }
    },
    "ono": {
      "version": "4.0.11",
      "resolved": "http://r.npm.sankuai.com/ono/download/ono-4.0.11.tgz",
      "integrity": "sha1-x/Qgmz45bopE70O5ztx/XXkdIh0=",
      "requires": {
        "format-util": "^1.0.3"
      }
    },
    "p-cancelable": {
      "version": "0.4.1",
      "resolved": "http://r.npm.sankuai.com/p-cancelable/download/p-cancelable-0.4.1.tgz",
      "integrity": "sha1-NfNj1n1SCByNlYXje8zrfgu8sqA="
    },
    "p-event": {
      "version": "2.1.0",
      "resolved": "http://r.npm.sankuai.com/p-event/download/p-event-2.1.0.tgz",
      "integrity": "sha1-dN5Hek5rOqgmckDHCZ54rFLLTbQ=",
      "requires": {
        "p-timeout": "^2.0.1"
      }
    },
    "p-finally": {
      "version": "1.0.0",
      "resolved": "http://r.npm.sankuai.com/p-finally/download/p-finally-1.0.0.tgz",
      "integrity": "sha1-P7z7FbiZpEEjs0ttzBi3JDNqLK4="
    },
    "p-is-promise": {
      "version": "1.1.0",
      "resolved": "http://r.npm.sankuai.com/p-is-promise/download/p-is-promise-1.1.0.tgz",
      "integrity": "sha1-nJRWmJ6fZYgBewQ01WCXZ1w9oF4="
    },
    "p-timeout": {
      "version": "2.0.1",
      "resolved": "http://r.npm.sankuai.com/p-timeout/download/p-timeout-2.0.1.tgz",
      "integrity": "sha1-2N0ZeVldLcATnh/ka4tkbLPN8Dg=",
      "requires": {
        "p-finally": "^1.0.0"
      }
    },
    "pend": {
      "version": "1.2.0",
      "resolved": "http://r.npm.sankuai.com/pend/download/pend-1.2.0.tgz",
      "integrity": "sha1-elfrVQpng/kRUzH89GY9XI4AelA="
    },
    "pify": {
      "version": "3.0.0",
      "resolved": "http://r.npm.sankuai.com/pify/download/pify-3.0.0.tgz",
      "integrity": "sha1-5aSs0sEB/fPZpNB/DbxNtJ3SgXY="
    },
    "pinkie": {
      "version": "2.0.4",
      "resolved": "http://r.npm.sankuai.com/pinkie/download/pinkie-2.0.4.tgz",
      "integrity": "sha1-clVrgM+g1IqXToDnckjoDtT3+HA="
    },
    "pinkie-promise": {
      "version": "2.0.1",
      "resolved": "http://r.npm.sankuai.com/pinkie-promise/download/pinkie-promise-2.0.1.tgz",
      "integrity": "sha1-ITXW36ejWMBprJsXh3YogihFD/o=",
      "requires": {
        "pinkie": "^2.0.0"
      }
    },
    "prepend-http": {
      "version": "2.0.0",
      "resolved": "http://r.npm.sankuai.com/prepend-http/download/prepend-http-2.0.0.tgz",
      "integrity": "sha1-6SQ0v6XqjBn0HN/UAddBo8gZ2Jc="
    },
    "prettier": {
      "version": "1.15.3",
      "resolved": "http://r.npm.sankuai.com/prettier/download/prettier-1.15.3.tgz",
      "integrity": "sha1-H+qsW90YEje1Tb5l2HTgKhRyeGo="
    },
    "process-nextick-args": {
      "version": "2.0.0",
      "resolved": "http://r.npm.sankuai.com/process-nextick-args/download/process-nextick-args-2.0.0.tgz",
      "integrity": "sha1-o31zL0JxtKsa0HDTVQjoKQeI/6o="
    },
    "proto-list": {
      "version": "1.2.4",
      "resolved": "http://r.npm.sankuai.com/proto-list/download/proto-list-1.2.4.tgz",
      "integrity": "sha1-IS1b/hMYMGpCD2QCuOJv85ZHqEk="
    },
    "query-string": {
      "version": "5.1.1",
      "resolved": "http://r.npm.sankuai.com/query-string/download/query-string-5.1.1.tgz",
      "integrity": "sha1-p4wBK3HBfgXy4/ojGd0zBoLvs8s=",
      "requires": {
        "decode-uri-component": "^0.2.0",
        "object-assign": "^4.1.0",
        "strict-uri-encode": "^1.0.0"
      }
    },
    "readable-stream": {
      "version": "2.3.6",
      "resolved": "http://r.npm.sankuai.com/readable-stream/download/readable-stream-2.3.6.tgz",
      "integrity": "sha1-sRwn2IuP8fvgcGQ8+UsMea4bCq8=",
      "requires": {
        "core-util-is": "~1.0.0",
        "inherits": "~2.0.3",
        "isarray": "~1.0.0",
        "process-nextick-args": "~2.0.0",
        "safe-buffer": "~5.1.1",
        "string_decoder": "~1.1.1",
        "util-deprecate": "~1.0.1"
      }
    },
    "responselike": {
      "version": "1.0.2",
      "resolved": "http://r.npm.sankuai.com/responselike/download/responselike-1.0.2.tgz",
      "integrity": "sha1-kYcg7ztjHFZCvgaPFa3lpG9Loec=",
      "requires": {
        "lowercase-keys": "^1.0.0"
      }
    },
    "safe-buffer": {
      "version": "5.1.2",
      "resolved": "http://r.npm.sankuai.com/safe-buffer/download/safe-buffer-5.1.2.tgz",
      "integrity": "sha1-mR7GnSluAxN0fVm9/St0XDX4go0="
    },
    "seek-bzip": {
      "version": "1.0.5",
      "resolved": "http://r.npm.sankuai.com/seek-bzip/download/seek-bzip-1.0.5.tgz",
      "integrity": "sha1-z+kXyz0nS8/6x5J1ivUxc+sfq9w=",
      "requires": {
        "commander": "~2.8.1"
      },
      "dependencies": {
        "commander": {
          "version": "2.8.1",
          "resolved": "http://r.npm.sankuai.com/commander/download/commander-2.8.1.tgz",
          "integrity": "sha1-Br42f+v9oMMwqh4qBy09yXYkJdQ=",
          "requires": {
            "graceful-readlink": ">= 1.0.0"
          }
        }
      }
    },
    "sort-keys": {
      "version": "1.1.2",
      "resolved": "http://r.npm.sankuai.com/sort-keys/download/sort-keys-1.1.2.tgz",
      "integrity": "sha1-RBttTTRnmPG05J6JIK37oOVD+a0=",
      "requires": {
        "is-plain-obj": "^1.0.0"
      }
    },
    "sort-keys-length": {
      "version": "1.0.1",
      "resolved": "http://r.npm.sankuai.com/sort-keys-length/download/sort-keys-length-1.0.1.tgz",
      "integrity": "sha1-nLb09OnkgVWmqgZx7dM2/xR5oYg=",
      "requires": {
        "sort-keys": "^1.0.0"
      }
    },
    "sprintf-js": {
      "version": "1.0.3",
      "resolved": "http://r.npm.sankuai.com/sprintf-js/download/sprintf-js-1.0.3.tgz",
      "integrity": "sha1-BOaSb2YolTVPPdAVIDYzuFcpfiw="
    },
    "stdin": {
      "version": "0.0.1",
      "resolved": "http://r.npm.sankuai.com/stdin/download/stdin-0.0.1.tgz",
      "integrity": "sha1-0wQZgarsPf28d6GzjWNy449ftx4="
    },
    "strict-uri-encode": {
      "version": "1.1.0",
      "resolved": "http://r.npm.sankuai.com/strict-uri-encode/download/strict-uri-encode-1.1.0.tgz",
      "integrity": "sha1-J5siXfHVgrH1TmWt3UNS4Y+qBxM="
    },
    "string_decoder": {
      "version": "1.1.1",
      "resolved": "http://r.npm.sankuai.com/string_decoder/download/string_decoder-1.1.1.tgz",
      "integrity": "sha1-nPFhG6YmhdcDCunkujQUnDrwP8g=",
      "requires": {
        "safe-buffer": "~5.1.0"
      }
    },
    "strip-dirs": {
      "version": "2.1.0",
      "resolved": "http://r.npm.sankuai.com/strip-dirs/download/strip-dirs-2.1.0.tgz",
      "integrity": "sha1-SYdzYmT8NEzyD2w0rKnRPR1O1sU=",
      "requires": {
        "is-natural-number": "^4.0.1"
      }
    },
    "strip-outer": {
      "version": "1.0.1",
      "resolved": "http://r.npm.sankuai.com/strip-outer/download/strip-outer-1.0.1.tgz",
      "integrity": "sha1-sv0qv2YEudHmATBXGV34Nrip1jE=",
      "requires": {
        "escape-string-regexp": "^1.0.2"
      }
    },
    "tar-stream": {
      "version": "1.6.2",
      "resolved": "http://r.npm.sankuai.com/tar-stream/download/tar-stream-1.6.2.tgz",
      "integrity": "sha1-jqVdqzeXIlPZqa+Q/c1VmuQ1xVU=",
      "requires": {
        "bl": "^1.0.0",
        "buffer-alloc": "^1.2.0",
        "end-of-stream": "^1.0.0",
        "fs-constants": "^1.0.0",
        "readable-stream": "^2.3.0",
        "to-buffer": "^1.1.1",
        "xtend": "^4.0.0"
      }
    },
    "thenify": {
      "version": "3.3.0",
      "resolved": "http://r.npm.sankuai.com/thenify/download/thenify-3.3.0.tgz",
      "integrity": "sha1-5p44obq+lpsBCCB5eLn2K4hgSDk=",
      "requires": {
        "any-promise": "^1.0.0"
      }
    },
    "thenify-all": {
      "version": "1.6.0",
      "resolved": "http://r.npm.sankuai.com/thenify-all/download/thenify-all-1.6.0.tgz",
      "integrity": "sha1-GhkY1ALY/D+Y+/I02wvMjMEOlyY=",
      "requires": {
        "thenify": ">= 3.1.0 < 4"
      }
    },
    "through": {
      "version": "2.3.8",
      "resolved": "http://r.npm.sankuai.com/through/download/through-2.3.8.tgz",
      "integrity": "sha1-DdTJ/6q8NXlgsbckEV1+Doai4fU="
    },
    "timed-out": {
      "version": "4.0.1",
      "resolved": "http://r.npm.sankuai.com/timed-out/download/timed-out-4.0.1.tgz",
      "integrity": "sha1-8y6srFoXW+ol1/q1Zas+2HQe9W8="
    },
    "timers-ext": {
      "version": "0.1.7",
      "resolved": "http://r.npm.sankuai.com/timers-ext/download/timers-ext-0.1.7.tgz",
      "integrity": "sha1-b1ethXjgej+5+R2Th9ZWR1VeJcY=",
      "requires": {
        "es5-ext": "~0.10.46",
        "next-tick": "1"
      }
    },
    "to-buffer": {
      "version": "1.1.1",
      "resolved": "http://r.npm.sankuai.com/to-buffer/download/to-buffer-1.1.1.tgz",
      "integrity": "sha1-STvUj2LXxD/N7TE6A9ytsuEhOoA="
    },
    "trim-repeated": {
      "version": "1.0.0",
      "resolved": "http://r.npm.sankuai.com/trim-repeated/download/trim-repeated-1.0.0.tgz",
      "integrity": "sha1-42RqLqTokTEr9+rObPsFOAvAHCE=",
      "requires": {
        "escape-string-regexp": "^1.0.2"
      }
    },
    "tunnel-agent": {
      "version": "0.6.0",
      "resolved": "http://r.npm.sankuai.com/tunnel-agent/download/tunnel-agent-0.6.0.tgz",
      "integrity": "sha1-J6XeoGs2sEoKmWZ3SykIaPD8QP0=",
      "requires": {
        "safe-buffer": "^5.0.1"
      }
    },
    "unbzip2-stream": {
      "version": "1.3.1",
      "resolved": "http://r.npm.sankuai.com/unbzip2-stream/download/unbzip2-stream-1.3.1.tgz",
      "integrity": "sha1-eFTaUWIqfmNiQiEZY1eAO1UpZqE=",
      "requires": {
        "buffer": "^3.0.1",
        "through": "^2.3.6"
      }
    },
    "universalify": {
      "version": "0.1.2",
      "resolved": "http://r.npm.sankuai.com/universalify/download/universalify-0.1.2.tgz",
      "integrity": "sha1-tkb2m+OULavOzJ1mOcgNwQXvqmY="
    },
    "url-parse-lax": {
      "version": "3.0.0",
      "resolved": "http://r.npm.sankuai.com/url-parse-lax/download/url-parse-lax-3.0.0.tgz",
      "integrity": "sha1-FrXK/Afb42dsGxmZF3gj1lA6yww=",
      "requires": {
        "prepend-http": "^2.0.0"
      }
    },
    "url-to-options": {
      "version": "1.0.1",
      "resolved": "http://r.npm.sankuai.com/url-to-options/download/url-to-options-1.0.1.tgz",
      "integrity": "sha1-FQWgOiiaSMvXpDTvuu7FBV9WM6k="
    },
    "util-deprecate": {
      "version": "1.0.2",
      "resolved": "http://r.npm.sankuai.com/util-deprecate/download/util-deprecate-1.0.2.tgz",
      "integrity": "sha1-RQ1Nyfpw3nMnYvvS1KKJgUGaDM8="
    },
    "wrappy": {
      "version": "1.0.2",
      "resolved": "http://r.npm.sankuai.com/wrappy/download/wrappy-1.0.2.tgz",
      "integrity": "sha1-tSQ9jz7BqjXxNkYFvA0QNuMKtp8="
    },
    "xtend": {
      "version": "4.0.1",
      "resolved": "http://r.npm.sankuai.com/xtend/download/xtend-4.0.1.tgz",
      "integrity": "sha1-pcbVMr5lbiPbgg77lDofBJmNY68="
    },
    "yauzl": {
      "version": "2.10.0",
      "resolved": "http://r.npm.sankuai.com/yauzl/download/yauzl-2.10.0.tgz",
      "integrity": "sha1-x+sXyT4RLLEIb6bY5R+wZnt5pfk=",
      "requires": {
        "buffer-crc32": "~0.2.3",
        "fd-slicer": "~1.1.0"
      }
    }
  }
}
